// !$*UTF8*$!
{
	archiveVersion = 1;
	classes = {
	};
	objectVersion = 48;
	objects = {

/* Begin PBXBuildFile section */
		6027ED9E1FFF69B00082324A /* AppDelegate.swift in Sources */ = {isa = PBXBuildFile; fileRef = 6027ED9D1FFF69B00082324A /* AppDelegate.swift */; };
		6027EDA01FFF69B00082324A /* ViewController.swift in Sources */ = {isa = PBXBuildFile; fileRef = 6027ED9F1FFF69B00082324A /* ViewController.swift */; };
		6027EDA31FFF69B00082324A /* Main.storyboard in Resources */ = {isa = PBXBuildFile; fileRef = 6027EDA11FFF69B00082324A /* Main.storyboard */; };
		6027EDA51FFF69B00082324A /* Assets.xcassets in Resources */ = {isa = PBXBuildFile; fileRef = 6027EDA41FFF69B00082324A /* Assets.xcassets */; };
		6027EDA81FFF69B00082324A /* LaunchScreen.storyboard in Resources */ = {isa = PBXBuildFile; fileRef = 6027EDA61FFF69B00082324A /* LaunchScreen.storyboard */; };
/* End PBXBuildFile section */

/* Begin PBXFileReference section */
		6027ED9A1FFF69B00082324A /* SwiftDay13.app */ = {isa = PBXFileReference; explicitFileType = wrapper.application; includeInIndex = 0; path = SwiftDay13.app; sourceTree = BUILT_PRODUCTS_DIR; };
		6027ED9D1FFF69B00082324A /* AppDelegate.swift */ = {isa = PBXFileReference; lastKnownFileType = sourcecode.swift; path = AppDelegate.swift; sourceTree = "<group>"; };
		6027ED9F1FFF69B00082324A /* ViewController.swift */ = {isa = PBXFileReference; lastKnownFileType = sourcecode.swift; path = ViewController.swift; sourceTree = "<group>"; };
		6027EDA21FFF69B00082324A /* Base */ = {isa = PBXFileReference; lastKnownFileType = file.storyboard; name = Base; path = Base.lproj/Main.storyboard; sourceTree = "<group>"; };
		6027EDA41FFF69B00082324A /* Assets.xcassets */ = {isa = PBXFileReference; lastKnownFileType = folder.assetcatalog; path = Assets.xcassets; sourceTree = "<group>"; };
		6027EDA71FFF69B00082324A /* Base */ = {isa = PBXFileReference; lastKnownFileType = file.storyboard; name = Base; path = Base.lproj/LaunchScreen.storyboard; sourceTree = "<group>"; };
		6027EDA91FFF69B00082324A /* Info.plist */ = {isa = PBXFileReference; lastKnownFileType = text.plist.xml; path = Info.plist; sourceTree = "<group>"; };
/* End PBXFileReference section */

/* Begin PBXFrameworksBuildPhase section */
		6027ED971FFF69B00082324A /* Frameworks */ = {
			isa = PBXFrameworksBuildPhase;
			buildActionMask = 2147483647;
			files = (
			);
			runOnlyForDeploymentPostprocessing = 0;
		};
/* End PBXFrameworksBuildPhase section */

/* Begin PBXGroup section */
		6027ED911FFF69B00082324A = {
			isa = PBXGroup;
			children = (
				6027ED9C1FFF69B00082324A /* SwiftDay13 */,
				6027ED9B1FFF69B00082324A /* Products */,
			);
			sourceTree = "<group>";
		};
		6027ED9B1FFF69B00082324A /* Products */ = {
			isa = PBXGroup;
			children = (
				6027ED9A1FFF69B00082324A /* SwiftDay13.app */,
			);
			name = Products;
			sourceTree = "<group>";
		};
		6027ED9C1FFF69B00082324A /* SwiftDay13 */ = {
			isa = PBXGroup;
			children = (
				6027ED9D1FFF69B00082324A /* AppDelegate.swift */,
				6027ED9F1FFF69B00082324A /* ViewController.swift */,
				6027EDA11FFF69B00082324A /* Main.storyboard */,
				6027EDA41FFF69B00082324A /* Assets.xcassets */,
				6027EDA61FFF69B00082324A /* LaunchScreen.storyboard */,
				6027EDA91FFF69B00082324A /* Info.plist */,
			);
			path = SwiftDay13;
			sourceTree = "<group>";
		};
/* End PBXGroup section */

/* Begin PBXNativeTarget section */
		6027ED991FFF69B00082324A /* SwiftDay13 */ = {
			isa = PBXNativeTarget;
			buildConfigurationList = 6027EDAC1FFF69B00082324A /* Build configuration list for PBXNativeTarget "SwiftDay13" */;
			buildPhases = (
				6027ED961FFF69B00082324A /* Sources */,
				6027ED971FFF69B00082324A /* Frameworks */,
				6027ED981FFF69B00082324A /* Resources */,
			);
			buildRules = (
			);
			dependencies = (
			);
			name = SwiftDay13;
			productName = SwiftDay13;
			productReference = 6027ED9A1FFF69B00082324A /* SwiftDay13.app */;
			productType = "com.apple.product-type.application";
		};
/* End PBXNativeTarget section */

/* Begin PBXProject section */
		6027ED921FFF69B00082324A /* Project object */ = {
			isa = PBXProject;
			attributes = {
				LastSwiftUpdateCheck = 0920;
				LastUpgradeCheck = 0920;
				ORGANIZATIONNAME = "谢斯强";
				TargetAttributes = {
					6027ED991FFF69B00082324A = {
						CreatedOnToolsVersion = 9.2;
						ProvisioningStyle = Automatic;
					};
				};
			};
			buildConfigurationList = 6027ED951FFF69B00082324A /* Build configuration list for PBXProject "SwiftDay13" */;
			compatibilityVersion = "Xcode 8.0";
			developmentRegion = en;
			hasScannedForEncodings = 0;
			knownRegions = (
				en,
				Base,
			);
			mainGroup = 6027ED911FFF69B00082324A;
			productRefGroup = 6027ED9B1FFF69B00082324A /* Products */;
			projectDirPath = "";
			projectRoot = "";
			targets = (
				6027ED991FFF69B00082324A /* SwiftDay13 */,
			);
		};
/* End PBXProject section */

/* Begin PBXResourcesBuildPhase section */
		6027ED981FFF69B00082324A /* Resources */ = {
			isa = PBXResourcesBuildPhase;
			buildActionMask = 2147483647;
			files = (
				6027EDA81FFF69B00082324A /* LaunchScreen.storyboard in Resources */,
				6027EDA51FFF69B00082324A /* Assets.xcassets in Resources */,
				6027EDA31FFF69B00082324A /* Main.storyboard in Resources */,
			);
			runOnlyForDeploymentPostprocessing = 0;
		};
/* End PBXResourcesBuildPhase section */

/* Begin PBXSourcesBuildPhase section */
		6027ED961FFF69B00082324A /* Sources */ = {
			isa = PBXSourcesBuildPhase;
			buildActionMask = 2147483647;
			files = (
				6027EDA01FFF69B00082324A /* ViewController.swift in Sources */,
				6027ED9E1FFF69B00082324A /* AppDelegate.swift in Sources */,
			);
			runOnlyForDeploymentPostprocessing = 0;
		};
/* End PBXSourcesBuildPhase section */

/* Begin PBXVariantGroup section */
		6027EDA11FFF69B00082324A /* Main.storyboard */ = {
			isa = PBXVariantGroup;
			children = (
				6027EDA21FFF69B00082324A /* Base */,
			);
			name = Main.storyboard;
			sourceTree = "<group>";
		};
		6027EDA61FFF69B00082324A /* LaunchScreen.storyboard */ = {
			isa = PBXVariantGroup;
			children = (
				6027EDA71FFF69B00082324A /* Base */,
			);
			name = LaunchScreen.storyboard;
			sourceTree = "<group>";
		};
/* End PBXVariantGroup section */

/* Begin XCBuildConfiguration section */
		6027EDAA1FFF69B00082324A /* Debug */ = {
			isa = XCBuildConfiguration;
			buildSettings = {
				ALWAYS_SEARCH_USER_PATHS = NO;
				CLANG_ANALYZER_NONNULL = YES;
				CLANG_ANALYZER_NUMBER_OBJECT_CONVERSION = YES_AGGRESSIVE;
				CLANG_CXX_LANGUAGE_STANDARD = "gnu++14";
				CLANG_CXX_LIBRARY = "libc++";
				CLANG_ENABLE_MODULES = YES;
				CLANG_ENABLE_OBJC_ARC = YES;
				CLANG_WARN_BLOCK_CAPTURE_AUTORELEASING = YES;
				CLANG_WARN_BOOL_CONVERSION = YES;
				CLANG_WARN_COMMA = YES;
				CLANG_WARN_CONSTANT_CONVERSION = YES;
				CLANG_WARN_DIRECT_OBJC_ISA_USAGE = YES_ERROR;
				CLANG_WARN_DOCUMENTATION_COMMENTS = YES;
				CLANG_WARN_EMPTY_BODY = YES;
				CLANG_WARN_ENUM_CONVERSION = YES;
				CLANG_WARN_INFINITE_RECURSION = YES;
				CLANG_WARN_INT_CONVERSION = YES;
				CLANG_WARN_NON_LITERAL_NULL_CONVERSION = YES;
				CLANG_WARN_OBJC_LITERAL_CONVERSION = YES;
				CLANG_WARN_OBJC_ROOT_CLASS = YES_ERROR;
				CLANG_WARN_RANGE_LOOP_ANALYSIS = YES;
				CLANG_WARN_STRICT_PROTOTYPES = YES;
				CLANG_WARN_SUSPICIOUS_MOVE = YES;
				CLANG_WARN_UNGUARDED_AVAILABILITY = YES_AGGRESSIVE;
				CLANG_WARN_UNREACHABLE_CODE = YES;
				CLANG_WARN__DUPLICATE_METHOD_MATCH = YES;
				CODE_SIGN_IDENTITY = "iPhone Developer";
				COPY_PHASE_STRIP = NO;
				DEBUG_INFORMATION_FORMAT = dwarf;
				ENABLE_STRICT_OBJC_MSGSEND = YES;
				ENABLE_TESTABILITY = YES;
				GCC_C_LANGUAGE_STANDARD = gnu11;
				GCC_DYNAMIC_NO_PIC = NO;
				GCC_NO_COMMON_BLOCKS = YES;
				GCC_OPTIMIZATION_LEVEL = 0;
				GCC_PREPROCESSOR_DEFINITIONS = (
					"DEBUG=1",
					"$(inherited)",
				);
				GCC_WARN_64_TO_32_BIT_CONVERSION = YES;
				GCC_WARN_ABOUT_RETURN_TYPE = YES_ERROR;
				GCC_WARN_UNDECLARED_SELECTOR = YES;
				GCC_WARN_UNINITIALIZED_AUTOS = YES_AGGRESSIVE;
				GCC_WARN_UNUSED_FUNCTION = YES;
				GCC_WARN_UNUSED_VARIABLE = YES;
				IPHONEOS_DEPLOYMENT_TARGET = 11.2;
				MTL_ENABLE_DEBUG_INFO = YES;
				ONLY_ACTIVE_ARCH = YES;
				SDKROOT = iphoneos;
				SWIFT_ACTIVE_COMPILATION_CONDITIONS = DEBUG;
				SWIFT_OPTIMIZATION_LEVEL = "-Onone";
			};
			name = Debug;
		};
		6027EDAB1FFF69B00082324A /* Release */ = {
			isa = XCBuildConfiguration;
			buildSettings = {
				ALWAYS_SEARCH_USER_PATHS = NO;
				CLANG_ANALYZER_NONNULL = YES;
				CLANG_ANALYZER_NUMBER_OBJECT_CONVERSION = YES_AGGRESSIVE;
				CLANG_CXX_LANGUAGE_STANDARD = "gnu++14";
				CLANG_CXX_LIBRARY = "libc++";
				CLANG_ENABLE_MODULES = YES;
				CLANG_ENABLE_OBJC_ARC = YES;
				CLANG_WARN_BLOCK_CAPTURE_AUTORELEASING = YES;
				CLANG_WARN_BOOL_CONVERSION = YES;
				CLANG_WARN_COMMA = YES;
				CLANG_WARN_CONSTANT_CONVERSION = YES;
				CLANG_WARN_DIRECT_OBJC_ISA_USAGE = YES_ERROR;
				CLANG_WARN_DOCUMENTATION_COMMENTS = YES;
				CLANG_WARN_EMPTY_BODY = YES;
				CLANG_WARN_ENUM_CONVERSION = YES;
				CLANG_WARN_INFINITE_RECURSION = YES;
				CLANG_WARN_INT_CONVERSION = YES;
				CLANG_WARN_NON_LITERAL_NULL_CONVERSION = YES;
				CLANG_WARN_OBJC_LITERAL_CONVERSION = YES;
				CLANG_WARN_OBJC_ROOT_CLASS = YES_ERROR;
				CLANG_WARN_RANGE_LOOP_ANALYSIS = YES;
				CLANG_WARN_STRICT_PROTOTYPES = YES;
				CLANG_WARN_SUSPICIOUS_MOVE = YES;
				CLANG_WARN_UNGUARDED_AVAILABILITY = YES_AGGRESSIVE;
				CLANG_WARN_UNREACHABLE_CODE = YES;
				CLANG_WARN__DUPLICATE_METHOD_MATCH = YES;
				CODE_SIGN_IDENTITY = "iPhone Developer";
				COPY_PHASE_STRIP = NO;
				DEBUG_INFORMATION_FORMAT = "dwarf-with-dsym";
				ENABLE_NS_ASSERTIONS = NO;
				ENABLE_STRICT_OBJC_MSGSEND = YES;
				GCC_C_LANGUAGE_STANDARD = gnu11;
				GCC_NO_COMMON_BLOCKS = YES;
				GCC_WARN_64_TO_32_BIT_CONVERSION = YES;
				GCC_WARN_ABOUT_RETURN_TYPE = YES_ERROR;
				GCC_WARN_UNDECLARED_SELECTOR = YES;
				GCC_WARN_UNINITIALIZED_AUTOS = YES_AGGRESSIVE;
				GCC_WARN_UNUSED_FUNCTION = YES;
				GCC_WARN_UNUSED_VARIABLE = YES;
				IPHONEOS_DEPLOYMENT_TARGET = 11.2;
				MTL_ENABLE_DEBUG_INFO = NO;
				SDKROOT = iphoneos;
				SWIFT_OPTIMIZATION_LEVEL = "-Owholemodule";
				VALIDATE_PRODUCT = YES;
			};
			name = Release;
		};
		6027EDAD1FFF69B00082324A /* Debug */ = {
			isa = XCBuildConfiguration;
			buildSettings = {
				ASSETCATALOG_COMPILER_APPICON_NAME = AppIcon;
				CODE_SIGN_STYLE = Automatic;
				DEVELOPMENT_TEAM = PMX8LU4PVY;
				INFOPLIST_FILE = SwiftDay13/Info.plist;
				LD_RUNPATH_SEARCH_PATHS = "$(inherited) @executable_path/Frameworks";
				PRODUCT_BUNDLE_IDENTIFIER = com.SwiftDay13;
				PRODUCT_NAME = "$(TARGET_NAME)";
				SWIFT_VERSION = 4.0;
				TARGETED_DEVICE_FAMILY = "1,2";
			};
			name = Debug;
		};
		6027EDAE1FFF69B00082324A /* Release */ = {
			isa = XCBuildConfiguration;
			buildSettings = {
				ASSETCATALOG_COMPILER_APPICON_NAME = AppIcon;
				CODE_SIGN_STYLE = Automatic;
				DEVELOPMENT_TEAM = PMX8LU4PVY;
				INFOPLIST_FILE = SwiftDay13/Info.plist;
				LD_RUNPATH_SEARCH_PATHS = "$(inherited) @executable_path/Frameworks";
				PRODUCT_BUNDLE_IDENTIFIER = com.SwiftDay13;
				PRODUCT_NAME = "$(TARGET_NAME)";
				SWIFT_VERSION = 4.0;
				TARGETED_DEVICE_FAMILY = "1,2";
			};
			name = Release;
		};
/* End XCBuildConfiguration section */

/* Begin XCConfigurationList section */
		6027ED951FFF69B00082324A /* Build configuration list for PBXProject "SwiftDay13" */ = {
			isa = XCConfigurationList;
			buildConfigurations = (
				6027EDAA1FFF69B00082324A /* Debug */,
				6027EDAB1FFF69B00082324A /* Release */,
			);
			defaultConfigurationIsVisible = 0;
			defaultConfigurationName = Release;
		};
		6027EDAC1FFF69B00082324A /* Build configuration list for PBXNativeTarget "SwiftDay13" */ = {
			isa = XCConfigurationList;
			buildConfigurations = (
				6027EDAD1FFF69B00082324A /* Debug */,
				6027EDAE1FFF69B00082324A /* Release */,
			);
			defaultConfigurationIsVisible = 0;
			defaultConfigurationName = Release;
		};
/* End XCConfigurationList section */
	};
	rootObject = 6027ED921FFF69B00082324A /* Project object */;
}
